{
  "name": "edge-js-test",
  "version": "1.0.0",
  "lockfileVersion": 1,
  "requires": true,
  "dependencies": {
    "edge-cs": {
      "version": "1.2.1",
      "resolved": "https://registry.npmjs.org/edge-cs/-/edge-cs-1.2.1.tgz",
      "integrity": "sha1-vRqezblO8O1AyJRYIEZ0nlcEXlo="
    },
    "edge-js": {
      "version": "14.3.1",
      "resolved": "https://registry.npmjs.org/edge-js/-/edge-js-14.3.1.tgz",
      "integrity": "sha512-SXedx+AMiqfjBeBOzl8mm5y60RF/cSRj4lSExO6HPxqbOxAQhiIL7MmVlXg9t6xfk7ovOaujfZXFsgupfcjuAQ==",
      "requires": {
        "edge-cs": "1.2.1",
        "nan": "^2.14.0"
      }
    },
    "nan": {
      "version": "2.14.1",
      "resolved": "https://registry.npmjs.org/nan/-/nan-2.14.1.tgz",
      "integrity": "sha512-isWHgVjnFjh2x2yuJ/tj3JbwoHu3UC2dX5G/88Cm24yB6YopVgxvBObDY7n5xW6ExmFhJpSEQqFPvq9zaXc8Jw=="
    }
  }
}
